
Microsoft Visual Studio Solution File, Format Version 12.00
# Visual Studio Version 17
VisualStudioVersion = 17.14.36603.0 d17.14
MinimumVisualStudioVersion = 10.0.40219.1
Project("{FAE04EC0-301F-11D3-BF4B-00C04F79EFBC}") = "ProjectOOP_Fit_to_work", "ProjectOOP_Fit_to_work\ProjectOOP_Fit_to_work.csproj", "{D321BDCE-07CE-44E0-A3D0-C660CF03711B}"
EndProject
Global
	GlobalSection(SolutionConfigurationPlatforms) = preSolution
		Debug|Any CPU = Debug|Any CPU
		Release|Any CPU = Release|Any CPU
	EndGlobalSection
	GlobalSection(ProjectConfigurationPlatforms) = postSolution
		{D321BDCE-07CE-44E0-A3D0-C660CF03711B}.Debug|Any CPU.ActiveCfg = Debug|Any CPU
		{D321BDCE-07CE-44E0-A3D0-C660CF03711B}.Debug|Any CPU.Build.0 = Debug|Any CPU
		{D321BDCE-07CE-44E0-A3D0-C660CF03711B}.Release|Any CPU.ActiveCfg = Release|Any CPU
		{D321BDCE-07CE-44E0-A3D0-C660CF03711B}.Release|Any CPU.Build.0 = Release|Any CPU
	EndGlobalSection
	GlobalSection(SolutionProperties) = preSolution
		HideSolutionNode = FALSE
	EndGlobalSection
	GlobalSection(ExtensibilityGlobals) = postSolution
		SolutionGuid = {731B73AE-C0AD-40CA-B947-1EE6EBB12C03}
	EndGlobalSection
EndGlobal
